
Microsoft Visual Studio Solution File, Format Version 12.00
# Visual Studio Version 16
VisualStudioVersion = 16.0.30406.217
MinimumVisualStudioVersion = 10.0.40219.1
Project("{FAE04EC0-301F-11D3-BF4B-00C04F79EFBC}") = "Clase6_2", "Clase6_2\Clase6_2.csproj", "{3B848A87-2247-4FEC-B7F4-59104938454B}"
EndProject
Global
	GlobalSection(SolutionConfigurationPlatforms) = preSolution
		Debug|Any CPU = Debug|Any CPU
		Release|Any CPU = Release|Any CPU
	EndGlobalSection
	GlobalSection(ProjectConfigurationPlatforms) = postSolution
		{3B848A87-2247-4FEC-B7F4-59104938454B}.Debug|Any CPU.ActiveCfg = Debug|Any CPU
		{3B848A87-2247-4FEC-B7F4-59104938454B}.Debug|Any CPU.Build.0 = Debug|Any CPU
		{3B848A87-2247-4FEC-B7F4-59104938454B}.Release|Any CPU.ActiveCfg = Release|Any CPU
		{3B848A87-2247-4FEC-B7F4-59104938454B}.Release|Any CPU.Build.0 = Release|Any CPU
	EndGlobalSection
	GlobalSection(SolutionProperties) = preSolution
		HideSolutionNode = FALSE
	EndGlobalSection
	GlobalSection(ExtensibilityGlobals) = postSolution
		SolutionGuid = {3E25A640-3FDA-48AB-AA72-0BA8F2B3D4D4}
	EndGlobalSection
EndGlobal
